
Microsoft Visual Studio Solution File, Format Version 12.00
# Visual Studio Version 17
Project("{2150E333-8FDC-42A3-9474-1A3956D46DE8}") = "AEngine Dependencies", "AEngine Dependencies", "{EDBE33D9-B4FE-366C-8BA1-E84816F82452}"
EndProject
Project("{2150E333-8FDC-42A3-9474-1A3956D46DE8}") = "CMakePredefinedTargets", "CMakePredefinedTargets", "{4C2A0DA0-0A56-3425-B88A-B05E1187985D}"
EndProject
Project("{2150E333-8FDC-42A3-9474-1A3956D46DE8}") = "Dependencies", "Dependencies", "{B36B606F-6265-3608-ADF9-557C0A06D0D8}"
EndProject
Project("{8BC9CEB8-8B4A-11D0-8D11-00A0C91BC942}") = "telemetry-interface", "telemetry-interface.vcxproj", "{B8C051E6-AB24-3D48-8B9B-84ACA96EDE80}"
	ProjectSection(ProjectDependencies) = postProject
		{C38E89D2-4EB2-3F35-AA79-37E359EFDF69} = {C38E89D2-4EB2-3F35-AA79-37E359EFDF69}
		{BEC78C18-AC84-36B8-AF29-001D079B7020} = {BEC78C18-AC84-36B8-AF29-001D079B7020}
		{E7C1CAB2-4C43-349B-A100-B75AB605034C} = {E7C1CAB2-4C43-349B-A100-B75AB605034C}
		{97E83F09-41EA-3663-B300-AC9870AC10EF} = {97E83F09-41EA-3663-B300-AC9870AC10EF}
		{F79EFA28-8147-3A2F-9431-07BAA3715D39} = {F79EFA28-8147-3A2F-9431-07BAA3715D39}
		{D0CDEC81-8D2C-3B5C-A6FE-16AAE098B104} = {D0CDEC81-8D2C-3B5C-A6FE-16AAE098B104}
		{A489EE3C-0E3A-3B33-A149-183B21D08F51} = {A489EE3C-0E3A-3B33-A149-183B21D08F51}
	EndProjectSection
EndProject
Project("{8BC9CEB8-8B4A-11D0-8D11-00A0C91BC942}") = "AEngine", "modules\AEngine\AEngine.vcxproj", "{C38E89D2-4EB2-3F35-AA79-37E359EFDF69}"
	ProjectSection(ProjectDependencies) = postProject
		{BEC78C18-AC84-36B8-AF29-001D079B7020} = {BEC78C18-AC84-36B8-AF29-001D079B7020}
		{E7C1CAB2-4C43-349B-A100-B75AB605034C} = {E7C1CAB2-4C43-349B-A100-B75AB605034C}
		{97E83F09-41EA-3663-B300-AC9870AC10EF} = {97E83F09-41EA-3663-B300-AC9870AC10EF}
		{D0CDEC81-8D2C-3B5C-A6FE-16AAE098B104} = {D0CDEC81-8D2C-3B5C-A6FE-16AAE098B104}
		{A489EE3C-0E3A-3B33-A149-183B21D08F51} = {A489EE3C-0E3A-3B33-A149-183B21D08F51}
	EndProjectSection
EndProject
Project("{8BC9CEB8-8B4A-11D0-8D11-00A0C91BC942}") = "ALL_BUILD", "ALL_BUILD.vcxproj", "{581F9935-CCFF-35C6-AFE4-18B06DE421ED}"
	ProjectSection(ProjectDependencies) = postProject
		{C38E89D2-4EB2-3F35-AA79-37E359EFDF69} = {C38E89D2-4EB2-3F35-AA79-37E359EFDF69}
		{BEC78C18-AC84-36B8-AF29-001D079B7020} = {BEC78C18-AC84-36B8-AF29-001D079B7020}
		{E7C1CAB2-4C43-349B-A100-B75AB605034C} = {E7C1CAB2-4C43-349B-A100-B75AB605034C}
		{97E83F09-41EA-3663-B300-AC9870AC10EF} = {97E83F09-41EA-3663-B300-AC9870AC10EF}
		{F79EFA28-8147-3A2F-9431-07BAA3715D39} = {F79EFA28-8147-3A2F-9431-07BAA3715D39}
		{D0CDEC81-8D2C-3B5C-A6FE-16AAE098B104} = {D0CDEC81-8D2C-3B5C-A6FE-16AAE098B104}
		{A489EE3C-0E3A-3B33-A149-183B21D08F51} = {A489EE3C-0E3A-3B33-A149-183B21D08F51}
		{B8C051E6-AB24-3D48-8B9B-84ACA96EDE80} = {B8C051E6-AB24-3D48-8B9B-84ACA96EDE80}
	EndProjectSection
EndProject
Project("{8BC9CEB8-8B4A-11D0-8D11-00A0C91BC942}") = "GLAD", "modules\AEngine\AEngine\vendor\GLAD\GLAD.vcxproj", "{BEC78C18-AC84-36B8-AF29-001D079B7020}"
	ProjectSection(ProjectDependencies) = postProject
		{A489EE3C-0E3A-3B33-A149-183B21D08F51} = {A489EE3C-0E3A-3B33-A149-183B21D08F51}
	EndProjectSection
EndProject
Project("{8BC9CEB8-8B4A-11D0-8D11-00A0C91BC942}") = "GLFW", "modules\AEngine\AEngine\vendor\GLFW\src\GLFW.vcxproj", "{E7C1CAB2-4C43-349B-A100-B75AB605034C}"
	ProjectSection(ProjectDependencies) = postProject
		{A489EE3C-0E3A-3B33-A149-183B21D08F51} = {A489EE3C-0E3A-3B33-A149-183B21D08F51}
	EndProjectSection
EndProject
Project("{8BC9CEB8-8B4A-11D0-8D11-00A0C91BC942}") = "IMGUI", "modules\AEngine\AEngine\vendor\IMGUI\IMGUI.vcxproj", "{97E83F09-41EA-3663-B300-AC9870AC10EF}"
	ProjectSection(ProjectDependencies) = postProject
		{A489EE3C-0E3A-3B33-A149-183B21D08F51} = {A489EE3C-0E3A-3B33-A149-183B21D08F51}
	EndProjectSection
EndProject
Project("{8BC9CEB8-8B4A-11D0-8D11-00A0C91BC942}") = "IMGUI-KNOBS", "IMGUI-KNOBS.vcxproj", "{F79EFA28-8147-3A2F-9431-07BAA3715D39}"
	ProjectSection(ProjectDependencies) = postProject
		{97E83F09-41EA-3663-B300-AC9870AC10EF} = {97E83F09-41EA-3663-B300-AC9870AC10EF}
		{A489EE3C-0E3A-3B33-A149-183B21D08F51} = {A489EE3C-0E3A-3B33-A149-183B21D08F51}
	EndProjectSection
EndProject
Project("{8BC9CEB8-8B4A-11D0-8D11-00A0C91BC942}") = "IMPLOT", "modules\AEngine\AEngine\vendor\IMPLOT\IMPLOT.vcxproj", "{D0CDEC81-8D2C-3B5C-A6FE-16AAE098B104}"
	ProjectSection(ProjectDependencies) = postProject
		{97E83F09-41EA-3663-B300-AC9870AC10EF} = {97E83F09-41EA-3663-B300-AC9870AC10EF}
		{A489EE3C-0E3A-3B33-A149-183B21D08F51} = {A489EE3C-0E3A-3B33-A149-183B21D08F51}
	EndProjectSection
EndProject
Project("{8BC9CEB8-8B4A-11D0-8D11-00A0C91BC942}") = "ZERO_CHECK", "ZERO_CHECK.vcxproj", "{A489EE3C-0E3A-3B33-A149-183B21D08F51}"
	ProjectSection(ProjectDependencies) = postProject
	EndProjectSection
EndProject
Global
	GlobalSection(SolutionConfigurationPlatforms) = preSolution
		Debug|x64 = Debug|x64
		Release|x64 = Release|x64
		MinSizeRel|x64 = MinSizeRel|x64
		RelWithDebInfo|x64 = RelWithDebInfo|x64
	EndGlobalSection
	GlobalSection(ProjectConfigurationPlatforms) = postSolution
		{B8C051E6-AB24-3D48-8B9B-84ACA96EDE80}.Debug|x64.ActiveCfg = Debug|x64
		{B8C051E6-AB24-3D48-8B9B-84ACA96EDE80}.Debug|x64.Build.0 = Debug|x64
		{B8C051E6-AB24-3D48-8B9B-84ACA96EDE80}.Release|x64.ActiveCfg = Release|x64
		{B8C051E6-AB24-3D48-8B9B-84ACA96EDE80}.Release|x64.Build.0 = Release|x64
		{B8C051E6-AB24-3D48-8B9B-84ACA96EDE80}.MinSizeRel|x64.ActiveCfg = MinSizeRel|x64
		{B8C051E6-AB24-3D48-8B9B-84ACA96EDE80}.MinSizeRel|x64.Build.0 = MinSizeRel|x64
		{B8C051E6-AB24-3D48-8B9B-84ACA96EDE80}.RelWithDebInfo|x64.ActiveCfg = RelWithDebInfo|x64
		{B8C051E6-AB24-3D48-8B9B-84ACA96EDE80}.RelWithDebInfo|x64.Build.0 = RelWithDebInfo|x64
		{C38E89D2-4EB2-3F35-AA79-37E359EFDF69}.Debug|x64.ActiveCfg = Debug|x64
		{C38E89D2-4EB2-3F35-AA79-37E359EFDF69}.Debug|x64.Build.0 = Debug|x64
		{C38E89D2-4EB2-3F35-AA79-37E359EFDF69}.Release|x64.ActiveCfg = Release|x64
		{C38E89D2-4EB2-3F35-AA79-37E359EFDF69}.Release|x64.Build.0 = Release|x64
		{C38E89D2-4EB2-3F35-AA79-37E359EFDF69}.MinSizeRel|x64.ActiveCfg = MinSizeRel|x64
		{C38E89D2-4EB2-3F35-AA79-37E359EFDF69}.MinSizeRel|x64.Build.0 = MinSizeRel|x64
		{C38E89D2-4EB2-3F35-AA79-37E359EFDF69}.RelWithDebInfo|x64.ActiveCfg = RelWithDebInfo|x64
		{C38E89D2-4EB2-3F35-AA79-37E359EFDF69}.RelWithDebInfo|x64.Build.0 = RelWithDebInfo|x64
		{581F9935-CCFF-35C6-AFE4-18B06DE421ED}.Debug|x64.ActiveCfg = Debug|x64
		{581F9935-CCFF-35C6-AFE4-18B06DE421ED}.Release|x64.ActiveCfg = Release|x64
		{581F9935-CCFF-35C6-AFE4-18B06DE421ED}.MinSizeRel|x64.ActiveCfg = MinSizeRel|x64
		{581F9935-CCFF-35C6-AFE4-18B06DE421ED}.RelWithDebInfo|x64.ActiveCfg = RelWithDebInfo|x64
		{BEC78C18-AC84-36B8-AF29-001D079B7020}.Debug|x64.ActiveCfg = Debug|x64
		{BEC78C18-AC84-36B8-AF29-001D079B7020}.Debug|x64.Build.0 = Debug|x64
		{BEC78C18-AC84-36B8-AF29-001D079B7020}.Release|x64.ActiveCfg = Release|x64
		{BEC78C18-AC84-36B8-AF29-001D079B7020}.Release|x64.Build.0 = Release|x64
		{BEC78C18-AC84-36B8-AF29-001D079B7020}.MinSizeRel|x64.ActiveCfg = MinSizeRel|x64
		{BEC78C18-AC84-36B8-AF29-001D079B7020}.MinSizeRel|x64.Build.0 = MinSizeRel|x64
		{BEC78C18-AC84-36B8-AF29-001D079B7020}.RelWithDebInfo|x64.ActiveCfg = RelWithDebInfo|x64
		{BEC78C18-AC84-36B8-AF29-001D079B7020}.RelWithDebInfo|x64.Build.0 = RelWithDebInfo|x64
		{E7C1CAB2-4C43-349B-A100-B75AB605034C}.Debug|x64.ActiveCfg = Debug|x64
		{E7C1CAB2-4C43-349B-A100-B75AB605034C}.Debug|x64.Build.0 = Debug|x64
		{E7C1CAB2-4C43-349B-A100-B75AB605034C}.Release|x64.ActiveCfg = Release|x64
		{E7C1CAB2-4C43-349B-A100-B75AB605034C}.Release|x64.Build.0 = Release|x64
		{E7C1CAB2-4C43-349B-A100-B75AB605034C}.MinSizeRel|x64.ActiveCfg = MinSizeRel|x64
		{E7C1CAB2-4C43-349B-A100-B75AB605034C}.MinSizeRel|x64.Build.0 = MinSizeRel|x64
		{E7C1CAB2-4C43-349B-A100-B75AB605034C}.RelWithDebInfo|x64.ActiveCfg = RelWithDebInfo|x64
		{E7C1CAB2-4C43-349B-A100-B75AB605034C}.RelWithDebInfo|x64.Build.0 = RelWithDebInfo|x64
		{97E83F09-41EA-3663-B300-AC9870AC10EF}.Debug|x64.ActiveCfg = Debug|x64
		{97E83F09-41EA-3663-B300-AC9870AC10EF}.Debug|x64.Build.0 = Debug|x64
		{97E83F09-41EA-3663-B300-AC9870AC10EF}.Release|x64.ActiveCfg = Release|x64
		{97E83F09-41EA-3663-B300-AC9870AC10EF}.Release|x64.Build.0 = Release|x64
		{97E83F09-41EA-3663-B300-AC9870AC10EF}.MinSizeRel|x64.ActiveCfg = MinSizeRel|x64
		{97E83F09-41EA-3663-B300-AC9870AC10EF}.MinSizeRel|x64.Build.0 = MinSizeRel|x64
		{97E83F09-41EA-3663-B300-AC9870AC10EF}.RelWithDebInfo|x64.ActiveCfg = RelWithDebInfo|x64
		{97E83F09-41EA-3663-B300-AC9870AC10EF}.RelWithDebInfo|x64.Build.0 = RelWithDebInfo|x64
		{F79EFA28-8147-3A2F-9431-07BAA3715D39}.Debug|x64.ActiveCfg = Debug|x64
		{F79EFA28-8147-3A2F-9431-07BAA3715D39}.Debug|x64.Build.0 = Debug|x64
		{F79EFA28-8147-3A2F-9431-07BAA3715D39}.Release|x64.ActiveCfg = Release|x64
		{F79EFA28-8147-3A2F-9431-07BAA3715D39}.Release|x64.Build.0 = Release|x64
		{F79EFA28-8147-3A2F-9431-07BAA3715D39}.MinSizeRel|x64.ActiveCfg = MinSizeRel|x64
		{F79EFA28-8147-3A2F-9431-07BAA3715D39}.MinSizeRel|x64.Build.0 = MinSizeRel|x64
		{F79EFA28-8147-3A2F-9431-07BAA3715D39}.RelWithDebInfo|x64.ActiveCfg = RelWithDebInfo|x64
		{F79EFA28-8147-3A2F-9431-07BAA3715D39}.RelWithDebInfo|x64.Build.0 = RelWithDebInfo|x64
		{D0CDEC81-8D2C-3B5C-A6FE-16AAE098B104}.Debug|x64.ActiveCfg = Debug|x64
		{D0CDEC81-8D2C-3B5C-A6FE-16AAE098B104}.Debug|x64.Build.0 = Debug|x64
		{D0CDEC81-8D2C-3B5C-A6FE-16AAE098B104}.Release|x64.ActiveCfg = Release|x64
		{D0CDEC81-8D2C-3B5C-A6FE-16AAE098B104}.Release|x64.Build.0 = Release|x64
		{D0CDEC81-8D2C-3B5C-A6FE-16AAE098B104}.MinSizeRel|x64.ActiveCfg = MinSizeRel|x64
		{D0CDEC81-8D2C-3B5C-A6FE-16AAE098B104}.MinSizeRel|x64.Build.0 = MinSizeRel|x64
		{D0CDEC81-8D2C-3B5C-A6FE-16AAE098B104}.RelWithDebInfo|x64.ActiveCfg = RelWithDebInfo|x64
		{D0CDEC81-8D2C-3B5C-A6FE-16AAE098B104}.RelWithDebInfo|x64.Build.0 = RelWithDebInfo|x64
		{A489EE3C-0E3A-3B33-A149-183B21D08F51}.Debug|x64.ActiveCfg = Debug|x64
		{A489EE3C-0E3A-3B33-A149-183B21D08F51}.Debug|x64.Build.0 = Debug|x64
		{A489EE3C-0E3A-3B33-A149-183B21D08F51}.Release|x64.ActiveCfg = Release|x64
		{A489EE3C-0E3A-3B33-A149-183B21D08F51}.Release|x64.Build.0 = Release|x64
		{A489EE3C-0E3A-3B33-A149-183B21D08F51}.MinSizeRel|x64.ActiveCfg = MinSizeRel|x64
		{A489EE3C-0E3A-3B33-A149-183B21D08F51}.MinSizeRel|x64.Build.0 = MinSizeRel|x64
		{A489EE3C-0E3A-3B33-A149-183B21D08F51}.RelWithDebInfo|x64.ActiveCfg = RelWithDebInfo|x64
		{A489EE3C-0E3A-3B33-A149-183B21D08F51}.RelWithDebInfo|x64.Build.0 = RelWithDebInfo|x64
	EndGlobalSection
	GlobalSection(NestedProjects) = preSolution
		{BEC78C18-AC84-36B8-AF29-001D079B7020} = {EDBE33D9-B4FE-366C-8BA1-E84816F82452}
		{E7C1CAB2-4C43-349B-A100-B75AB605034C} = {EDBE33D9-B4FE-366C-8BA1-E84816F82452}
		{97E83F09-41EA-3663-B300-AC9870AC10EF} = {EDBE33D9-B4FE-366C-8BA1-E84816F82452}
		{D0CDEC81-8D2C-3B5C-A6FE-16AAE098B104} = {EDBE33D9-B4FE-366C-8BA1-E84816F82452}
		{581F9935-CCFF-35C6-AFE4-18B06DE421ED} = {4C2A0DA0-0A56-3425-B88A-B05E1187985D}
		{A489EE3C-0E3A-3B33-A149-183B21D08F51} = {4C2A0DA0-0A56-3425-B88A-B05E1187985D}
		{C38E89D2-4EB2-3F35-AA79-37E359EFDF69} = {B36B606F-6265-3608-ADF9-557C0A06D0D8}
		{F79EFA28-8147-3A2F-9431-07BAA3715D39} = {B36B606F-6265-3608-ADF9-557C0A06D0D8}
	EndGlobalSection
	GlobalSection(ExtensibilityGlobals) = postSolution
		SolutionGuid = {EE059260-E11A-3EF5-9865-7E9CFF23EE2F}
	EndGlobalSection
	GlobalSection(ExtensibilityAddIns) = postSolution
	EndGlobalSection
EndGlobal
