<?xml version="1.0" encoding="utf-8"?>
<Project ToolsVersion="17.0" xmlns="http://schemas.microsoft.com/developer/msbuild/2003">
  <ItemGroup>
    <ClCompile Include="C:\Users\mrmoo\source\repos\EcoCar-Telemetry-Interface\modules\modules\AEngine\CMakeFiles\AEngine.dir\cmake_pch.cxx">
      <Filter>Source Files</Filter>
    </ClCompile>
    <ClCompile Include="C:\Users\mrmoo\source\repos\EcoCar-Telemetry-Interface\modules\AEngine\AEngine\src\AEngine\Layer.cpp">
      <Filter>AEngine\src\AEngine</Filter>
    </ClCompile>
    <ClCompile Include="C:\Users\mrmoo\source\repos\EcoCar-Telemetry-Interface\modules\AEngine\AEngine\src\AEngine\LayerStack.cpp">
      <Filter>AEngine\src\AEngine</Filter>
    </ClCompile>
    <ClCompile Include="C:\Users\mrmoo\source\repos\EcoCar-Telemetry-Interface\modules\AEngine\AEngine\src\AEngine\Log.cpp">
      <Filter>AEngine\src\AEngine</Filter>
    </ClCompile>
    <ClCompile Include="C:\Users\mrmoo\source\repos\EcoCar-Telemetry-Interface\modules\AEngine\AEngine\src\AEngine\Math\Math.cpp">
      <Filter>AEngine\src\AEngine\Math</Filter>
    </ClCompile>
    <ClCompile Include="C:\Users\mrmoo\source\repos\EcoCar-Telemetry-Interface\modules\AEngine\AEngine\src\AEngine\components\Camera.cpp">
      <Filter>AEngine\src\AEngine\components</Filter>
    </ClCompile>
    <ClCompile Include="C:\Users\mrmoo\source\repos\EcoCar-Telemetry-Interface\modules\AEngine\AEngine\src\AEngine\components\SceneComponent.cpp">
      <Filter>AEngine\src\AEngine\components</Filter>
    </ClCompile>
    <ClCompile Include="C:\Users\mrmoo\source\repos\EcoCar-Telemetry-Interface\modules\AEngine\AEngine\src\AEngine\core\CoreEngine.cpp">
      <Filter>AEngine\src\AEngine\core</Filter>
    </ClCompile>
    <ClCompile Include="C:\Users\mrmoo\source\repos\EcoCar-Telemetry-Interface\modules\AEngine\AEngine\src\AEngine\core\Time.cpp">
      <Filter>AEngine\src\AEngine\core</Filter>
    </ClCompile>
    <ClCompile Include="C:\Users\mrmoo\source\repos\EcoCar-Telemetry-Interface\modules\AEngine\AEngine\src\AEngine\input\GLFWMouseAndKeyboardInput.cpp">
      <Filter>AEngine\src\AEngine\input</Filter>
    </ClCompile>
    <ClCompile Include="C:\Users\mrmoo\source\repos\EcoCar-Telemetry-Interface\modules\AEngine\AEngine\src\AEngine\input\Input.cpp">
      <Filter>AEngine\src\AEngine\input</Filter>
    </ClCompile>
    <ClCompile Include="C:\Users\mrmoo\source\repos\EcoCar-Telemetry-Interface\modules\AEngine\AEngine\src\AEngine\render\api\ae\Buffer.cpp">
      <Filter>AEngine\src\AEngine\render\api\ae</Filter>
    </ClCompile>
    <ClCompile Include="C:\Users\mrmoo\source\repos\EcoCar-Telemetry-Interface\modules\AEngine\AEngine\src\AEngine\render\api\ae\BufferLayout.cpp">
      <Filter>AEngine\src\AEngine\render\api\ae</Filter>
    </ClCompile>
    <ClCompile Include="C:\Users\mrmoo\source\repos\EcoCar-Telemetry-Interface\modules\AEngine\AEngine\src\AEngine\render\api\ae\IndexBuffer.cpp">
      <Filter>AEngine\src\AEngine\render\api\ae</Filter>
    </ClCompile>
    <ClCompile Include="C:\Users\mrmoo\source\repos\EcoCar-Telemetry-Interface\modules\AEngine\AEngine\src\AEngine\render\api\ae\RenderCommand.cpp">
      <Filter>AEngine\src\AEngine\render\api\ae</Filter>
    </ClCompile>
    <ClCompile Include="C:\Users\mrmoo\source\repos\EcoCar-Telemetry-Interface\modules\AEngine\AEngine\src\AEngine\render\api\ae\RenderContext.cpp">
      <Filter>AEngine\src\AEngine\render\api\ae</Filter>
    </ClCompile>
    <ClCompile Include="C:\Users\mrmoo\source\repos\EcoCar-Telemetry-Interface\modules\AEngine\AEngine\src\AEngine\render\api\ae\RenderEngine.cpp">
      <Filter>AEngine\src\AEngine\render\api\ae</Filter>
    </ClCompile>
    <ClCompile Include="C:\Users\mrmoo\source\repos\EcoCar-Telemetry-Interface\modules\AEngine\AEngine\src\AEngine\render\api\ae\RendererAPI.cpp">
      <Filter>AEngine\src\AEngine\render\api\ae</Filter>
    </ClCompile>
    <ClCompile Include="C:\Users\mrmoo\source\repos\EcoCar-Telemetry-Interface\modules\AEngine\AEngine\src\AEngine\render\api\ae\VertexArrayObject.cpp">
      <Filter>AEngine\src\AEngine\render\api\ae</Filter>
    </ClCompile>
    <ClCompile Include="C:\Users\mrmoo\source\repos\EcoCar-Telemetry-Interface\modules\AEngine\AEngine\src\AEngine\render\api\ae\VertexBuffer.cpp">
      <Filter>AEngine\src\AEngine\render\api\ae</Filter>
    </ClCompile>
    <ClCompile Include="C:\Users\mrmoo\source\repos\EcoCar-Telemetry-Interface\modules\AEngine\AEngine\src\AEngine\render\api\opengl\BufferOGL.cpp">
      <Filter>AEngine\src\AEngine\render\api\opengl</Filter>
    </ClCompile>
    <ClCompile Include="C:\Users\mrmoo\source\repos\EcoCar-Telemetry-Interface\modules\AEngine\AEngine\src\AEngine\render\api\opengl\ContextOGL.cpp">
      <Filter>AEngine\src\AEngine\render\api\opengl</Filter>
    </ClCompile>
    <ClCompile Include="C:\Users\mrmoo\source\repos\EcoCar-Telemetry-Interface\modules\AEngine\AEngine\src\AEngine\render\api\opengl\IndexBufferOGL.cpp">
      <Filter>AEngine\src\AEngine\render\api\opengl</Filter>
    </ClCompile>
    <ClCompile Include="C:\Users\mrmoo\source\repos\EcoCar-Telemetry-Interface\modules\AEngine\AEngine\src\AEngine\render\api\opengl\RendererAPIOGL.cpp">
      <Filter>AEngine\src\AEngine\render\api\opengl</Filter>
    </ClCompile>
    <ClCompile Include="C:\Users\mrmoo\source\repos\EcoCar-Telemetry-Interface\modules\AEngine\AEngine\src\AEngine\render\api\opengl\VertexArrayObjectOGL.cpp">
      <Filter>AEngine\src\AEngine\render\api\opengl</Filter>
    </ClCompile>
    <ClCompile Include="C:\Users\mrmoo\source\repos\EcoCar-Telemetry-Interface\modules\AEngine\AEngine\src\AEngine\render\api\opengl\VertexBufferOGL.cpp">
      <Filter>AEngine\src\AEngine\render\api\opengl</Filter>
    </ClCompile>
    <ClCompile Include="C:\Users\mrmoo\source\repos\EcoCar-Telemetry-Interface\modules\AEngine\AEngine\src\AEngine\render\shader\Shader.cpp">
      <Filter>AEngine\src\AEngine\render\shader</Filter>
    </ClCompile>
    <ClCompile Include="C:\Users\mrmoo\source\repos\EcoCar-Telemetry-Interface\modules\AEngine\AEngine\src\AEngine\render\window\GLFWWindow.cpp">
      <Filter>AEngine\src\AEngine\render\window</Filter>
    </ClCompile>
    <ClCompile Include="C:\Users\mrmoo\source\repos\EcoCar-Telemetry-Interface\modules\AEngine\AEngine\src\AEngine\render\window\manager\GLFWWindowManager.cpp">
      <Filter>AEngine\src\AEngine\render\window\manager</Filter>
    </ClCompile>
    <ClCompile Include="C:\Users\mrmoo\source\repos\EcoCar-Telemetry-Interface\modules\AEngine\AEngine\src\AEngine\render\window\manager\WindowManager.cpp">
      <Filter>AEngine\src\AEngine\render\window\manager</Filter>
    </ClCompile>
    <ClCompile Include="C:\Users\mrmoo\source\repos\EcoCar-Telemetry-Interface\modules\AEngine\AEngine\src\AEngine\render\window\models\EngineLoadingWindow.cpp">
      <Filter>AEngine\src\AEngine\render\window\models</Filter>
    </ClCompile>
    <ClCompile Include="C:\Users\mrmoo\source\repos\EcoCar-Telemetry-Interface\modules\AEngine\AEngine\src\AEngine\util\debug\IMGUIBuild.cpp">
      <Filter>AEngine\src\AEngine\util\debug</Filter>
    </ClCompile>
    <ClCompile Include="C:\Users\mrmoo\source\repos\EcoCar-Telemetry-Interface\modules\AEngine\AEngine\src\AEngine\util\debug\ImGUILayer.cpp">
      <Filter>AEngine\src\AEngine\util\debug</Filter>
    </ClCompile>
    <ClCompile Include="C:\Users\mrmoo\source\repos\EcoCar-Telemetry-Interface\modules\AEngine\AEngine\src\aepch.cpp">
      <Filter>AEngine\src</Filter>
    </ClCompile>
  </ItemGroup>
  <ItemGroup>
    <ClInclude Include="C:\Users\mrmoo\source\repos\EcoCar-Telemetry-Interface\modules\AEngine\AEngine\src\AEngine.h">
      <Filter>AEngine\src</Filter>
    </ClInclude>
    <ClInclude Include="C:\Users\mrmoo\source\repos\EcoCar-Telemetry-Interface\modules\AEngine\AEngine\src\AEngine\Layer.h">
      <Filter>AEngine\src\AEngine</Filter>
    </ClInclude>
    <ClInclude Include="C:\Users\mrmoo\source\repos\EcoCar-Telemetry-Interface\modules\AEngine\AEngine\src\AEngine\LayerStack.h">
      <Filter>AEngine\src\AEngine</Filter>
    </ClInclude>
    <ClInclude Include="C:\Users\mrmoo\source\repos\EcoCar-Telemetry-Interface\modules\AEngine\AEngine\src\AEngine\Log.h">
      <Filter>AEngine\src\AEngine</Filter>
    </ClInclude>
    <ClInclude Include="C:\Users\mrmoo\source\repos\EcoCar-Telemetry-Interface\modules\AEngine\AEngine\src\AEngine\Math\Math.h">
      <Filter>AEngine\src\AEngine\Math</Filter>
    </ClInclude>
    <ClInclude Include="C:\Users\mrmoo\source\repos\EcoCar-Telemetry-Interface\modules\AEngine\AEngine\src\AEngine\components\Camera.h">
      <Filter>AEngine\src\AEngine\components</Filter>
    </ClInclude>
    <ClInclude Include="C:\Users\mrmoo\source\repos\EcoCar-Telemetry-Interface\modules\AEngine\AEngine\src\AEngine\components\SceneComponent.h">
      <Filter>AEngine\src\AEngine\components</Filter>
    </ClInclude>
    <ClInclude Include="C:\Users\mrmoo\source\repos\EcoCar-Telemetry-Interface\modules\AEngine\AEngine\src\AEngine\core\Core.h">
      <Filter>AEngine\src\AEngine\core</Filter>
    </ClInclude>
    <ClInclude Include="C:\Users\mrmoo\source\repos\EcoCar-Telemetry-Interface\modules\AEngine\AEngine\src\AEngine\core\CoreEngine.h">
      <Filter>AEngine\src\AEngine\core</Filter>
    </ClInclude>
    <ClInclude Include="C:\Users\mrmoo\source\repos\EcoCar-Telemetry-Interface\modules\AEngine\AEngine\src\AEngine\core\Time.h">
      <Filter>AEngine\src\AEngine\core</Filter>
    </ClInclude>
    <ClInclude Include="C:\Users\mrmoo\source\repos\EcoCar-Telemetry-Interface\modules\AEngine\AEngine\src\AEngine\input\GLFWMouseAndKeyboardInput.h">
      <Filter>AEngine\src\AEngine\input</Filter>
    </ClInclude>
    <ClInclude Include="C:\Users\mrmoo\source\repos\EcoCar-Telemetry-Interface\modules\AEngine\AEngine\src\AEngine\input\Input.h">
      <Filter>AEngine\src\AEngine\input</Filter>
    </ClInclude>
    <ClInclude Include="C:\Users\mrmoo\source\repos\EcoCar-Telemetry-Interface\modules\AEngine\AEngine\src\AEngine\input\InputCodes.h">
      <Filter>AEngine\src\AEngine\input</Filter>
    </ClInclude>
    <ClInclude Include="C:\Users\mrmoo\source\repos\EcoCar-Telemetry-Interface\modules\AEngine\AEngine\src\AEngine\input\event\Event.h">
      <Filter>AEngine\src\AEngine\input\event</Filter>
    </ClInclude>
    <ClInclude Include="C:\Users\mrmoo\source\repos\EcoCar-Telemetry-Interface\modules\AEngine\AEngine\src\AEngine\input\event\KeyEvent.h">
      <Filter>AEngine\src\AEngine\input\event</Filter>
    </ClInclude>
    <ClInclude Include="C:\Users\mrmoo\source\repos\EcoCar-Telemetry-Interface\modules\AEngine\AEngine\src\AEngine\input\event\MouseEvent.h">
      <Filter>AEngine\src\AEngine\input\event</Filter>
    </ClInclude>
    <ClInclude Include="C:\Users\mrmoo\source\repos\EcoCar-Telemetry-Interface\modules\AEngine\AEngine\src\AEngine\input\event\WindowEvent.h">
      <Filter>AEngine\src\AEngine\input\event</Filter>
    </ClInclude>
    <ClInclude Include="C:\Users\mrmoo\source\repos\EcoCar-Telemetry-Interface\modules\AEngine\AEngine\src\AEngine\render\api\ae\AEDataType.h">
      <Filter>AEngine\src\AEngine\render\api\ae</Filter>
    </ClInclude>
    <ClInclude Include="C:\Users\mrmoo\source\repos\EcoCar-Telemetry-Interface\modules\AEngine\AEngine\src\AEngine\render\api\ae\Buffer.h">
      <Filter>AEngine\src\AEngine\render\api\ae</Filter>
    </ClInclude>
    <ClInclude Include="C:\Users\mrmoo\source\repos\EcoCar-Telemetry-Interface\modules\AEngine\AEngine\src\AEngine\render\api\ae\BufferElement.h">
      <Filter>AEngine\src\AEngine\render\api\ae</Filter>
    </ClInclude>
    <ClInclude Include="C:\Users\mrmoo\source\repos\EcoCar-Telemetry-Interface\modules\AEngine\AEngine\src\AEngine\render\api\ae\BufferLayout.h">
      <Filter>AEngine\src\AEngine\render\api\ae</Filter>
    </ClInclude>
    <ClInclude Include="C:\Users\mrmoo\source\repos\EcoCar-Telemetry-Interface\modules\AEngine\AEngine\src\AEngine\render\api\ae\IndexBuffer.h">
      <Filter>AEngine\src\AEngine\render\api\ae</Filter>
    </ClInclude>
    <ClInclude Include="C:\Users\mrmoo\source\repos\EcoCar-Telemetry-Interface\modules\AEngine\AEngine\src\AEngine\render\api\ae\RenderAPI.h">
      <Filter>AEngine\src\AEngine\render\api\ae</Filter>
    </ClInclude>
    <ClInclude Include="C:\Users\mrmoo\source\repos\EcoCar-Telemetry-Interface\modules\AEngine\AEngine\src\AEngine\render\api\ae\RenderCommand.h">
      <Filter>AEngine\src\AEngine\render\api\ae</Filter>
    </ClInclude>
    <ClInclude Include="C:\Users\mrmoo\source\repos\EcoCar-Telemetry-Interface\modules\AEngine\AEngine\src\AEngine\render\api\ae\RenderContext.h">
      <Filter>AEngine\src\AEngine\render\api\ae</Filter>
    </ClInclude>
    <ClInclude Include="C:\Users\mrmoo\source\repos\EcoCar-Telemetry-Interface\modules\AEngine\AEngine\src\AEngine\render\api\ae\RenderEngine.h">
      <Filter>AEngine\src\AEngine\render\api\ae</Filter>
    </ClInclude>
    <ClInclude Include="C:\Users\mrmoo\source\repos\EcoCar-Telemetry-Interface\modules\AEngine\AEngine\src\AEngine\render\api\ae\RendererAPI.h">
      <Filter>AEngine\src\AEngine\render\api\ae</Filter>
    </ClInclude>
    <ClInclude Include="C:\Users\mrmoo\source\repos\EcoCar-Telemetry-Interface\modules\AEngine\AEngine\src\AEngine\render\api\ae\VertexArrayObject.h">
      <Filter>AEngine\src\AEngine\render\api\ae</Filter>
    </ClInclude>
    <ClInclude Include="C:\Users\mrmoo\source\repos\EcoCar-Telemetry-Interface\modules\AEngine\AEngine\src\AEngine\render\api\ae\VertexBuffer.h">
      <Filter>AEngine\src\AEngine\render\api\ae</Filter>
    </ClInclude>
    <ClInclude Include="C:\Users\mrmoo\source\repos\EcoCar-Telemetry-Interface\modules\AEngine\AEngine\src\AEngine\render\api\opengl\BufferOGL.h">
      <Filter>AEngine\src\AEngine\render\api\opengl</Filter>
    </ClInclude>
    <ClInclude Include="C:\Users\mrmoo\source\repos\EcoCar-Telemetry-Interface\modules\AEngine\AEngine\src\AEngine\render\api\opengl\ContextOGL.h">
      <Filter>AEngine\src\AEngine\render\api\opengl</Filter>
    </ClInclude>
    <ClInclude Include="C:\Users\mrmoo\source\repos\EcoCar-Telemetry-Interface\modules\AEngine\AEngine\src\AEngine\render\api\opengl\IndexBufferOGL.h">
      <Filter>AEngine\src\AEngine\render\api\opengl</Filter>
    </ClInclude>
    <ClInclude Include="C:\Users\mrmoo\source\repos\EcoCar-Telemetry-Interface\modules\AEngine\AEngine\src\AEngine\render\api\opengl\RendererAPIOGL.h">
      <Filter>AEngine\src\AEngine\render\api\opengl</Filter>
    </ClInclude>
    <ClInclude Include="C:\Users\mrmoo\source\repos\EcoCar-Telemetry-Interface\modules\AEngine\AEngine\src\AEngine\render\api\opengl\VertexArrayObjectOGL.h">
      <Filter>AEngine\src\AEngine\render\api\opengl</Filter>
    </ClInclude>
    <ClInclude Include="C:\Users\mrmoo\source\repos\EcoCar-Telemetry-Interface\modules\AEngine\AEngine\src\AEngine\render\api\opengl\VertexBufferOGL.h">
      <Filter>AEngine\src\AEngine\render\api\opengl</Filter>
    </ClInclude>
    <ClInclude Include="C:\Users\mrmoo\source\repos\EcoCar-Telemetry-Interface\modules\AEngine\AEngine\src\AEngine\render\shader\Shader.h">
      <Filter>AEngine\src\AEngine\render\shader</Filter>
    </ClInclude>
    <ClInclude Include="C:\Users\mrmoo\source\repos\EcoCar-Telemetry-Interface\modules\AEngine\AEngine\src\AEngine\render\window\GLFWWindow.h">
      <Filter>AEngine\src\AEngine\render\window</Filter>
    </ClInclude>
    <ClInclude Include="C:\Users\mrmoo\source\repos\EcoCar-Telemetry-Interface\modules\AEngine\AEngine\src\AEngine\render\window\GLFWWindowProperties.h">
      <Filter>AEngine\src\AEngine\render\window</Filter>
    </ClInclude>
    <ClInclude Include="C:\Users\mrmoo\source\repos\EcoCar-Telemetry-Interface\modules\AEngine\AEngine\src\AEngine\render\window\GLFW_API_TOKENS.h">
      <Filter>AEngine\src\AEngine\render\window</Filter>
    </ClInclude>
    <ClInclude Include="C:\Users\mrmoo\source\repos\EcoCar-Telemetry-Interface\modules\AEngine\AEngine\src\AEngine\render\window\Window.h">
      <Filter>AEngine\src\AEngine\render\window</Filter>
    </ClInclude>
    <ClInclude Include="C:\Users\mrmoo\source\repos\EcoCar-Telemetry-Interface\modules\AEngine\AEngine\src\AEngine\render\window\manager\GLFWWindowManager.h">
      <Filter>AEngine\src\AEngine\render\window\manager</Filter>
    </ClInclude>
    <ClInclude Include="C:\Users\mrmoo\source\repos\EcoCar-Telemetry-Interface\modules\AEngine\AEngine\src\AEngine\render\window\manager\WindowManager.h">
      <Filter>AEngine\src\AEngine\render\window\manager</Filter>
    </ClInclude>
    <ClInclude Include="C:\Users\mrmoo\source\repos\EcoCar-Telemetry-Interface\modules\AEngine\AEngine\src\AEngine\render\window\models\EngineLoadingWindow.h">
      <Filter>AEngine\src\AEngine\render\window\models</Filter>
    </ClInclude>
    <ClInclude Include="C:\Users\mrmoo\source\repos\EcoCar-Telemetry-Interface\modules\AEngine\AEngine\src\AEngine\util\BufferTools.h">
      <Filter>AEngine\src\AEngine\util</Filter>
    </ClInclude>
    <ClInclude Include="C:\Users\mrmoo\source\repos\EcoCar-Telemetry-Interface\modules\AEngine\AEngine\src\AEngine\util\Destroyable.h">
      <Filter>AEngine\src\AEngine\util</Filter>
    </ClInclude>
    <ClInclude Include="C:\Users\mrmoo\source\repos\EcoCar-Telemetry-Interface\modules\AEngine\AEngine\src\AEngine\util\debug\ImGUILayer.h">
      <Filter>AEngine\src\AEngine\util\debug</Filter>
    </ClInclude>
    <ClInclude Include="C:\Users\mrmoo\source\repos\EcoCar-Telemetry-Interface\modules\AEngine\AEngine\src\aepch.h">
      <Filter>AEngine\src</Filter>
    </ClInclude>
    <ClInclude Include="C:\Users\mrmoo\source\repos\EcoCar-Telemetry-Interface\modules\modules\AEngine\CMakeFiles\AEngine.dir\Debug\cmake_pch.hxx">
      <Filter>Precompile Header File</Filter>
    </ClInclude>
    <ClInclude Include="C:\Users\mrmoo\source\repos\EcoCar-Telemetry-Interface\modules\modules\AEngine\CMakeFiles\AEngine.dir\Release\cmake_pch.hxx">
      <Filter>Precompile Header File</Filter>
    </ClInclude>
    <ClInclude Include="C:\Users\mrmoo\source\repos\EcoCar-Telemetry-Interface\modules\modules\AEngine\CMakeFiles\AEngine.dir\MinSizeRel\cmake_pch.hxx">
      <Filter>Precompile Header File</Filter>
    </ClInclude>
    <ClInclude Include="C:\Users\mrmoo\source\repos\EcoCar-Telemetry-Interface\modules\modules\AEngine\CMakeFiles\AEngine.dir\RelWithDebInfo\cmake_pch.hxx">
      <Filter>Precompile Header File</Filter>
    </ClInclude>
  </ItemGroup>
  <ItemGroup>
    <CustomBuild Include="C:\Users\mrmoo\source\repos\EcoCar-Telemetry-Interface\modules\AEngine\CMakeLists.txt" />
  </ItemGroup>
  <ItemGroup>
    <Filter Include="AEngine">
      <UniqueIdentifier>{C3A055AA-0C94-39D3-B7A7-75FA70B48BD1}</UniqueIdentifier>
    </Filter>
    <Filter Include="AEngine\src">
      <UniqueIdentifier>{A3539BBC-A6D3-3643-84DD-BD53277893A6}</UniqueIdentifier>
    </Filter>
    <Filter Include="AEngine\src\AEngine">
      <UniqueIdentifier>{66BD5D7B-FAF0-3747-BC0F-286F8D5215DB}</UniqueIdentifier>
    </Filter>
    <Filter Include="AEngine\src\AEngine\Math">
      <UniqueIdentifier>{047A76BE-3D20-3916-8B20-5F9A7227FDA3}</UniqueIdentifier>
    </Filter>
    <Filter Include="AEngine\src\AEngine\components">
      <UniqueIdentifier>{A7FE1575-8F40-3E6C-A98D-B3D079286961}</UniqueIdentifier>
    </Filter>
    <Filter Include="AEngine\src\AEngine\core">
      <UniqueIdentifier>{ABFA10AD-7BBB-3B65-8B34-C39D894E426B}</UniqueIdentifier>
    </Filter>
    <Filter Include="AEngine\src\AEngine\input">
      <UniqueIdentifier>{666CEE2A-560D-3F2B-ACC1-2F6216A525AF}</UniqueIdentifier>
    </Filter>
    <Filter Include="AEngine\src\AEngine\input\event">
      <UniqueIdentifier>{64CF22B7-00A0-31E8-9CE9-0711AA98906A}</UniqueIdentifier>
    </Filter>
    <Filter Include="AEngine\src\AEngine\render">
      <UniqueIdentifier>{94B4C75B-9F72-3468-BBCD-B31558DF5568}</UniqueIdentifier>
    </Filter>
    <Filter Include="AEngine\src\AEngine\render\api">
      <UniqueIdentifier>{951988C8-EB75-30C4-AC95-ADA38D6DB5B8}</UniqueIdentifier>
    </Filter>
    <Filter Include="AEngine\src\AEngine\render\api\ae">
      <UniqueIdentifier>{5678DFB8-A5E9-3E80-B204-F166AA3500AE}</UniqueIdentifier>
    </Filter>
    <Filter Include="AEngine\src\AEngine\render\api\opengl">
      <UniqueIdentifier>{878E1CF5-F8DA-3D29-98B6-85EE22F63A81}</UniqueIdentifier>
    </Filter>
    <Filter Include="AEngine\src\AEngine\render\shader">
      <UniqueIdentifier>{D58C3911-2D9D-3256-8D7A-5F60CCCB44AF}</UniqueIdentifier>
    </Filter>
    <Filter Include="AEngine\src\AEngine\render\window">
      <UniqueIdentifier>{9B589CA2-4955-3123-AA60-DCFAD4A83EEB}</UniqueIdentifier>
    </Filter>
    <Filter Include="AEngine\src\AEngine\render\window\manager">
      <UniqueIdentifier>{1CC09990-C8C2-3E90-A275-ABA40DA3DE07}</UniqueIdentifier>
    </Filter>
    <Filter Include="AEngine\src\AEngine\render\window\models">
      <UniqueIdentifier>{DEB98B44-5A11-380A-9878-7A70D8E025F6}</UniqueIdentifier>
    </Filter>
    <Filter Include="AEngine\src\AEngine\util">
      <UniqueIdentifier>{49B6E074-5415-3D2A-BD52-91F95E7B5EB7}</UniqueIdentifier>
    </Filter>
    <Filter Include="AEngine\src\AEngine\util\debug">
      <UniqueIdentifier>{9F327F59-DE8A-3319-95DA-F9875C38507D}</UniqueIdentifier>
    </Filter>
    <Filter Include="Precompile Header File">
      <UniqueIdentifier>{25180C11-84A3-384F-9674-33D3284BF221}</UniqueIdentifier>
    </Filter>
    <Filter Include="Source Files">
      <UniqueIdentifier>{DDA4C4D4-6F7E-3C5F-BC16-7BE2F34E0D18}</UniqueIdentifier>
    </Filter>
  </ItemGroup>
</Project>
